
Microsoft Visual Studio Solution File, Format Version 12.00
# Visual Studio Version 17
VisualStudioVersion = 17.10.35027.167
MinimumVisualStudioVersion = 10.0.40219.1
Project("{8BC9CEB8-8B4A-11D0-8D11-00A0C91BC942}") = "Cuda-Neural-Network", "Cuda-Neural-Network\Cuda-Neural-Network.vcxproj", "{9AF6C4A3-D3FB-480F-B237-E4D39FF5957B}"
EndProject
Global
	GlobalSection(SolutionConfigurationPlatforms) = preSolution
		Debug|x64 = Debug|x64
		Release|x64 = Release|x64
	EndGlobalSection
	GlobalSection(ProjectConfigurationPlatforms) = postSolution
		{9AF6C4A3-D3FB-480F-B237-E4D39FF5957B}.Debug|x64.ActiveCfg = Debug|x64
		{9AF6C4A3-D3FB-480F-B237-E4D39FF5957B}.Debug|x64.Build.0 = Debug|x64
		{9AF6C4A3-D3FB-480F-B237-E4D39FF5957B}.Release|x64.ActiveCfg = Release|x64
		{9AF6C4A3-D3FB-480F-B237-E4D39FF5957B}.Release|x64.Build.0 = Release|x64
	EndGlobalSection
	GlobalSection(SolutionProperties) = preSolution
		HideSolutionNode = FALSE
	EndGlobalSection
	GlobalSection(ExtensibilityGlobals) = postSolution
		SolutionGuid = {490B949C-96A6-4C56-8CA1-658AFF016051}
	EndGlobalSection
EndGlobal
